
Microsoft Visual Studio Solution File, Format Version 12.00
# Visual Studio 2012
Project("{FAE04EC0-301F-11D3-BF4B-00C04F79EFBC}") = "FamilyBudgetDAL", "FamilyBudgetDAL\FamilyBudgetDAL.csproj", "{894463A3-EB96-4ABA-B7D3-F2EA01C3CD38}"
EndProject
Project("{FAE04EC0-301F-11D3-BF4B-00C04F79EFBC}") = "FamilyBudget_ASP_MVC_APP", "FamilyBudget_ASP_MVC_APP\FamilyBudget_ASP_MVC_APP.csproj", "{EC060146-386E-4D34-8A76-2571E165E3FA}"
EndProject
Project("{FAE04EC0-301F-11D3-BF4B-00C04F79EFBC}") = "FamilyBudgetSilverlightApp", "FamilyBudgetSilverlightApp\FamilyBudgetSilverlightApp.csproj", "{EF428F8D-9202-4482-89AB-374A473CEE0F}"
	ProjectSection(ProjectDependencies) = postProject
		{EC060146-386E-4D34-8A76-2571E165E3FA} = {EC060146-386E-4D34-8A76-2571E165E3FA}
	EndProjectSection
EndProject
Global
	GlobalSection(SolutionConfigurationPlatforms) = preSolution
		Debug|Any CPU = Debug|Any CPU
		Release|Any CPU = Release|Any CPU
	EndGlobalSection
	GlobalSection(ProjectConfigurationPlatforms) = postSolution
		{894463A3-EB96-4ABA-B7D3-F2EA01C3CD38}.Debug|Any CPU.ActiveCfg = Debug|Any CPU
		{894463A3-EB96-4ABA-B7D3-F2EA01C3CD38}.Debug|Any CPU.Build.0 = Debug|Any CPU
		{894463A3-EB96-4ABA-B7D3-F2EA01C3CD38}.Release|Any CPU.ActiveCfg = Release|Any CPU
		{894463A3-EB96-4ABA-B7D3-F2EA01C3CD38}.Release|Any CPU.Build.0 = Release|Any CPU
		{EC060146-386E-4D34-8A76-2571E165E3FA}.Debug|Any CPU.ActiveCfg = Debug|Any CPU
		{EC060146-386E-4D34-8A76-2571E165E3FA}.Debug|Any CPU.Build.0 = Debug|Any CPU
		{EC060146-386E-4D34-8A76-2571E165E3FA}.Release|Any CPU.ActiveCfg = Release|Any CPU
		{EC060146-386E-4D34-8A76-2571E165E3FA}.Release|Any CPU.Build.0 = Release|Any CPU
		{EF428F8D-9202-4482-89AB-374A473CEE0F}.Debug|Any CPU.ActiveCfg = Debug|Any CPU
		{EF428F8D-9202-4482-89AB-374A473CEE0F}.Debug|Any CPU.Build.0 = Debug|Any CPU
		{EF428F8D-9202-4482-89AB-374A473CEE0F}.Release|Any CPU.ActiveCfg = Release|Any CPU
		{EF428F8D-9202-4482-89AB-374A473CEE0F}.Release|Any CPU.Build.0 = Release|Any CPU
	EndGlobalSection
	GlobalSection(SolutionProperties) = preSolution
		HideSolutionNode = FALSE
	EndGlobalSection
	GlobalSection(ExtensibilityGlobals) = postSolution
		EnterpriseLibraryConfigurationToolBinariesPath = packages\Unity.2.1.505.2\lib\NET35
	EndGlobalSection
EndGlobal
